{
  "name": "form",
  "lockfileVersion": 2,
  "requires": true,
  "packages": {
    "": {
      "dependencies": {
        "signature_pad": "^4.0.8"
      }
    },
    "node_modules/signature_pad": {
      "version": "4.0.8",
      "resolved": "https://registry.npmjs.org/signature_pad/-/signature_pad-4.0.8.tgz",
      "integrity": "sha512-WJ2biIAa+v2EzgNEDfNrPpmbgsarZeLebks2ZxTZs7X228CAtBsRnlp2tbMshf0o4OoXGTZ80g9NBRwMtj0odA=="
    }
  },
  "dependencies": {
    "signature_pad": {
      "version": "4.0.8",
      "resolved": "https://registry.npmjs.org/signature_pad/-/signature_pad-4.0.8.tgz",
      "integrity": "sha512-WJ2biIAa+v2EzgNEDfNrPpmbgsarZeLebks2ZxTZs7X228CAtBsRnlp2tbMshf0o4OoXGTZ80g9NBRwMtj0odA=="
    }
  }
}
